{
  "version": 4,
  "terraform_version": "1.1.7",
  "serial": 8,
  "lineage": "6b49d773-43a5-7f72-151a-f7aae71cd762",
  "outputs": {},
  "resources": [
    {
      "mode": "managed",
      "type": "azurerm_subnet",
      "name": "subnet",
      "provider": "provider[\"registry.terraform.io/hashicorp/azurerm\"]",
      "instances": [
        {
          "schema_version": 0,
          "attributes": {
            "address_prefix": "10.0.1.0/24",
            "address_prefixes": [
              "10.0.1.0/24"
            ],
            "delegation": [],
            "enforce_private_link_endpoint_network_policies": false,
            "enforce_private_link_service_network_policies": false,
            "id": "/subscriptions/0f39574d-d756-48cf-b622-0e27a6943bd2/resourceGroups/1-86852693-playground-sandbox/providers/Microsoft.Network/virtualNetworks/BatmanInc/subnets/BoyWonder",
            "name": "BoyWonder",
            "resource_group_name": "1-86852693-playground-sandbox",
            "service_endpoint_policy_ids": null,
            "service_endpoints": null,
            "timeouts": null,
            "virtual_network_name": "BatmanInc"
          },
          "sensitive_attributes": [],
          "private": "eyJlMmJmYjczMC1lY2FhLTExZTYtOGY4OC0zNDM2M2JjN2M0YzAiOnsiY3JlYXRlIjoxODAwMDAwMDAwMDAwLCJkZWxldGUiOjE4MDAwMDAwMDAwMDAsInJlYWQiOjMwMDAwMDAwMDAwMCwidXBkYXRlIjoxODAwMDAwMDAwMDAwfX0=",
          "dependencies": [
            "azurerm_virtual_network.vnet"
          ]
        }
      ]
    },
    {
      "mode": "managed",
      "type": "azurerm_virtual_network",
      "name": "vnet",
      "provider": "provider[\"registry.terraform.io/hashicorp/azurerm\"]",
      "instances": [
        {
          "schema_version": 0,
          "attributes": {
            "address_space": [
              "10.0.0.0/16"
            ],
            "bgp_community": "",
            "ddos_protection_plan": [],
            "dns_servers": [],
            "flow_timeout_in_minutes": 0,
            "guid": "e4c800ec-6cac-46f5-bd6a-c50e83f226a1",
            "id": "/subscriptions/0f39574d-d756-48cf-b622-0e27a6943bd2/resourceGroups/1-86852693-playground-sandbox/providers/Microsoft.Network/virtualNetworks/BatmanInc",
            "location": "centralus",
            "name": "BatmanInc",
            "resource_group_name": "1-86852693-playground-sandbox",
            "subnet": [
              {
                "address_prefix": "10.0.1.0/24",
                "id": "/subscriptions/0f39574d-d756-48cf-b622-0e27a6943bd2/resourceGroups/1-86852693-playground-sandbox/providers/Microsoft.Network/virtualNetworks/BatmanInc/subnets/Robins",
                "name": "Robins",
                "security_group": ""
              }
            ],
            "tags": {
              "Environment": "Terraform Getting Started",
              "Team": "Batman"
            },
            "timeouts": null,
            "vm_protection_enabled": false
          },
          "sensitive_attributes": [],
          "private": "eyJlMmJmYjczMC1lY2FhLTExZTYtOGY4OC0zNDM2M2JjN2M0YzAiOnsiY3JlYXRlIjoxODAwMDAwMDAwMDAwLCJkZWxldGUiOjE4MDAwMDAwMDAwMDAsInJlYWQiOjMwMDAwMDAwMDAwMCwidXBkYXRlIjoxODAwMDAwMDAwMDAwfX0="
        }
      ]
    }
  ]
}
